
Microsoft Visual Studio Solution File, Format Version 12.00
# Visual Studio Version 17
VisualStudioVersion = 17.7.34009.444
MinimumVisualStudioVersion = 10.0.40219.1
Project("{FAE04EC0-301F-11D3-BF4B-00C04F79EFBC}") = "VoiceToTextBot", "VoiceToTextBot\VoiceToTextBot.csproj", "{1FC17E2D-865F-4E38-9FC4-46B97FCF0FA8}"
EndProject
Global
	GlobalSection(SolutionConfigurationPlatforms) = preSolution
		Debug|Any CPU = Debug|Any CPU
		Release|Any CPU = Release|Any CPU
	EndGlobalSection
	GlobalSection(ProjectConfigurationPlatforms) = postSolution
		{1FC17E2D-865F-4E38-9FC4-46B97FCF0FA8}.Debug|Any CPU.ActiveCfg = Debug|Any CPU
		{1FC17E2D-865F-4E38-9FC4-46B97FCF0FA8}.Debug|Any CPU.Build.0 = Debug|Any CPU
		{1FC17E2D-865F-4E38-9FC4-46B97FCF0FA8}.Release|Any CPU.ActiveCfg = Release|Any CPU
		{1FC17E2D-865F-4E38-9FC4-46B97FCF0FA8}.Release|Any CPU.Build.0 = Release|Any CPU
	EndGlobalSection
	GlobalSection(SolutionProperties) = preSolution
		HideSolutionNode = FALSE
	EndGlobalSection
	GlobalSection(ExtensibilityGlobals) = postSolution
		SolutionGuid = {FCDA723D-F97B-4C53-9F5A-8EF823D8D5AB}
	EndGlobalSection
EndGlobal
